// !$*UTF8*$!
{
	archiveVersion = 1;
	classes = {
	};
	objectVersion = 50;
	objects = {

/* Begin PBXBuildFile section */
		51015681217D7CF600038A1B /* SpeechSynthesizer.m in Sources */ = {isa = PBXBuildFile; fileRef = 51015675217D7CF400038A1B /* SpeechSynthesizer.m */; };
		51015686217D7CF600038A1B /* SelectableOverlay.m in Sources */ = {isa = PBXBuildFile; fileRef = 5101567F217D7CF500038A1B /* SelectableOverlay.m */; };
		512B7415217DA4EF00D64E4F /* MapViewController.m in Sources */ = {isa = PBXBuildFile; fileRef = 512B7414217DA4EF00D64E4F /* MapViewController.m */; };
		512B7419217DCE5800D64E4F /* CoreTelephony.framework in Frameworks */ = {isa = PBXBuildFile; fileRef = 512B7418217DCE5800D64E4F /* CoreTelephony.framework */; };
		512B741C217DD5CE00D64E4F /* MainViewController.m in Sources */ = {isa = PBXBuildFile; fileRef = 512B741B217DD5CE00D64E4F /* MainViewController.m */; };
		51686CFE217D63B4009EDA17 /* BN_GroupViewZero.m in Sources */ = {isa = PBXBuildFile; fileRef = 51686BE7217D63B2009EDA17 /* BN_GroupViewZero.m */; };
		51686CFF217D63B4009EDA17 /* BN_CycleView.m in Sources */ = {isa = PBXBuildFile; fileRef = 51686BEC217D63B2009EDA17 /* BN_CycleView.m */; };
		51686D00217D63B4009EDA17 /* BN_StarsView.m in Sources */ = {isa = PBXBuildFile; fileRef = 51686BED217D63B2009EDA17 /* BN_StarsView.m */; };
		51686D01217D63B4009EDA17 /* BN_BtnView.m in Sources */ = {isa = PBXBuildFile; fileRef = 51686BEE217D63B2009EDA17 /* BN_BtnView.m */; };
		51686D02217D63B4009EDA17 /* BN_WebView.m in Sources */ = {isa = PBXBuildFile; fileRef = 51686BF0217D63B2009EDA17 /* BN_WebView.m */; };
		51686D03217D63B4009EDA17 /* BN_GroupView.m in Sources */ = {isa = PBXBuildFile; fileRef = 51686BF3217D63B2009EDA17 /* BN_GroupView.m */; };
		51686D04217D63B4009EDA17 /* BN_DatePicker.m in Sources */ = {isa = PBXBuildFile; fileRef = 51686BF5217D63B2009EDA17 /* BN_DatePicker.m */; };
		51686D05217D63B4009EDA17 /* BN_PickerViewAddress.m in Sources */ = {isa = PBXBuildFile; fileRef = 51686BF8217D63B2009EDA17 /* BN_PickerViewAddress.m */; };
		51686D06217D63B4009EDA17 /* BN_MonthView.m in Sources */ = {isa = PBXBuildFile; fileRef = 51686BF9217D63B2009EDA17 /* BN_MonthView.m */; };
		51686D07217D63B4009EDA17 /* BN_SegmentViewZero.m in Sources */ = {isa = PBXBuildFile; fileRef = 51686BFA217D63B2009EDA17 /* BN_SegmentViewZero.m */; };
		51686D08217D63B4009EDA17 /* BN_LeftMenuView.m in Sources */ = {isa = PBXBuildFile; fileRef = 51686BFB217D63B2009EDA17 /* BN_LeftMenuView.m */; };
		51686D09217D63B4009EDA17 /* BN_PairLabelView.m in Sources */ = {isa = PBXBuildFile; fileRef = 51686BFD217D63B2009EDA17 /* BN_PairLabelView.m */; };
		51686D0A217D63B4009EDA17 /* BN_SegmentView.m in Sources */ = {isa = PBXBuildFile; fileRef = 51686BFF217D63B2009EDA17 /* BN_SegmentView.m */; };
		51686D0B217D63B4009EDA17 /* BN_MenuView.m in Sources */ = {isa = PBXBuildFile; fileRef = 51686C00217D63B2009EDA17 /* BN_MenuView.m */; };
		51686D0C217D63B4009EDA17 /* BN_FilterView.m in Sources */ = {isa = PBXBuildFile; fileRef = 51686C01217D63B2009EDA17 /* BN_FilterView.m */; };
		51686D0D217D63B4009EDA17 /* BN_AddCardView.m in Sources */ = {isa = PBXBuildFile; fileRef = 51686C02217D63B2009EDA17 /* BN_AddCardView.m */; };
		51686D0E217D63B4009EDA17 /* BN_AlertViewZero.m in Sources */ = {isa = PBXBuildFile; fileRef = 51686C03217D63B2009EDA17 /* BN_AlertViewZero.m */; };
		51686D0F217D63B4009EDA17 /* BN_RefreshHeader.m in Sources */ = {isa = PBXBuildFile; fileRef = 51686C04217D63B2009EDA17 /* BN_RefreshHeader.m */; };
		51686D10217D63B4009EDA17 /* BN_ShoppingView.m in Sources */ = {isa = PBXBuildFile; fileRef = 51686C06217D63B2009EDA17 /* BN_ShoppingView.m */; };
		51686D11217D63B4009EDA17 /* BN_AlertViewOne.m in Sources */ = {isa = PBXBuildFile; fileRef = 51686C0D217D63B2009EDA17 /* BN_AlertViewOne.m */; };
		51686D12217D63B4009EDA17 /* BN_PhotosView.m in Sources */ = {isa = PBXBuildFile; fileRef = 51686C16217D63B2009EDA17 /* BN_PhotosView.m */; };
		51686D13217D63B4009EDA17 /* BN_TurnView.m in Sources */ = {isa = PBXBuildFile; fileRef = 51686C18217D63B2009EDA17 /* BN_TurnView.m */; };
		51686D14217D63B4009EDA17 /* BN_AlertView.m in Sources */ = {isa = PBXBuildFile; fileRef = 51686C19217D63B2009EDA17 /* BN_AlertView.m */; };
		51686D15217D63B4009EDA17 /* BN_TabBarViewZero.m in Sources */ = {isa = PBXBuildFile; fileRef = 51686C1D217D63B2009EDA17 /* BN_TabBarViewZero.m */; };
		51686D16217D63B4009EDA17 /* BN_TableViewExcelCell.m in Sources */ = {isa = PBXBuildFile; fileRef = 51686C1E217D63B2009EDA17 /* BN_TableViewExcelCell.m */; };
		51686D17217D63B4009EDA17 /* BN_ItemsView.m in Sources */ = {isa = PBXBuildFile; fileRef = 51686C1F217D63B2009EDA17 /* BN_ItemsView.m */; };
		51686D18217D63B4009EDA17 /* BN_FoldHeaderFooterView.m in Sources */ = {isa = PBXBuildFile; fileRef = 51686C20217D63B2009EDA17 /* BN_FoldHeaderFooterView.m */; };
		51686D19217D63B4009EDA17 /* BN_AlertViewTwo.m in Sources */ = {isa = PBXBuildFile; fileRef = 51686C22217D63B2009EDA17 /* BN_AlertViewTwo.m */; };
		51686D1A217D63B4009EDA17 /* BN_LabGroupView.m in Sources */ = {isa = PBXBuildFile; fileRef = 51686C27217D63B2009EDA17 /* BN_LabGroupView.m */; };
		51686D1B217D63B4009EDA17 /* BN_AddPictureView.m in Sources */ = {isa = PBXBuildFile; fileRef = 51686C28217D63B2009EDA17 /* BN_AddPictureView.m */; };
		51686D1C217D63B4009EDA17 /* BN_Circle.m in Sources */ = {isa = PBXBuildFile; fileRef = 51686C2B217D63B2009EDA17 /* BN_Circle.m */; };
		51686D1D217D63B4009EDA17 /* area.plist in Resources */ = {isa = PBXBuildFile; fileRef = 51686C2F217D63B2009EDA17 /* area.plist */; };
		51686D1E217D63B4009EDA17 /* b27_icon_star_yellow@2x.png in Resources */ = {isa = PBXBuildFile; fileRef = 51686C30217D63B2009EDA17 /* b27_icon_star_yellow@2x.png */; };
		51686D1F217D63B4009EDA17 /* b27_icon_star_gray@2x.png in Resources */ = {isa = PBXBuildFile; fileRef = 51686C31217D63B2009EDA17 /* b27_icon_star_gray@2x.png */; };
		51686D20217D63B4009EDA17 /* BN_StarRateView.m in Sources */ = {isa = PBXBuildFile; fileRef = 51686C36217D63B2009EDA17 /* BN_StarRateView.m */; };
		51686D21217D63B4009EDA17 /* BN_TabBarView.m in Sources */ = {isa = PBXBuildFile; fileRef = 51686C38217D63B2009EDA17 /* BN_TabBarView.m */; };
		51686D22217D63B4009EDA17 /* BN_ExtendView.m in Sources */ = {isa = PBXBuildFile; fileRef = 51686C39217D63B3009EDA17 /* BN_ExtendView.m */; };
		51686D23217D63B4009EDA17 /* BN_Toast.m in Sources */ = {isa = PBXBuildFile; fileRef = 51686C3A217D63B3009EDA17 /* BN_Toast.m */; };
		51686D24217D63B4009EDA17 /* BN_SuspendButton.m in Sources */ = {isa = PBXBuildFile; fileRef = 51686C3B217D63B3009EDA17 /* BN_SuspendButton.m */; };
		51686D25217D63B4009EDA17 /* BN_RotationView.m in Sources */ = {isa = PBXBuildFile; fileRef = 51686C3C217D63B3009EDA17 /* BN_RotationView.m */; };
		51686D26217D63B4009EDA17 /* BN_UserView.m in Sources */ = {isa = PBXBuildFile; fileRef = 51686C3D217D63B3009EDA17 /* BN_UserView.m */; };
		51686D27217D63B4009EDA17 /* BN_RangeDateView.m in Sources */ = {isa = PBXBuildFile; fileRef = 51686C3E217D63B3009EDA17 /* BN_RangeDateView.m */; };
		51686D28217D63B4009EDA17 /* BN_GuideView.m in Sources */ = {isa = PBXBuildFile; fileRef = 51686C3F217D63B3009EDA17 /* BN_GuideView.m */; };
		51686D29217D63B4009EDA17 /* BN_GView.m in Sources */ = {isa = PBXBuildFile; fileRef = 51686C40217D63B3009EDA17 /* BN_GView.m */; };
		51686D2A217D63B4009EDA17 /* BN_LabView.m in Sources */ = {isa = PBXBuildFile; fileRef = 51686C42217D63B3009EDA17 /* BN_LabView.m */; };
		51686D2B217D63B4009EDA17 /* BN_AddPictureVC.m in Sources */ = {isa = PBXBuildFile; fileRef = 51686C43217D63B3009EDA17 /* BN_AddPictureVC.m */; };
		51686D2C217D63B4009EDA17 /* BN_ImgLabelView.m in Sources */ = {isa = PBXBuildFile; fileRef = 51686C44217D63B3009EDA17 /* BN_ImgLabelView.m */; };
		51686D2D217D63B4009EDA17 /* BN_PickerView.m in Sources */ = {isa = PBXBuildFile; fileRef = 51686C45217D63B3009EDA17 /* BN_PickerView.m */; };
		51686D2E217D63B4009EDA17 /* BN_HeaderFooterView.m in Sources */ = {isa = PBXBuildFile; fileRef = 51686C47217D63B3009EDA17 /* BN_HeaderFooterView.m */; };
		51686E35217D6AB1009EDA17 /* BN_Map.m in Sources */ = {isa = PBXBuildFile; fileRef = 51686E34217D6AB1009EDA17 /* BN_Map.m */; };
		51686E3E217D6CCE009EDA17 /* map_location@2x.png in Resources */ = {isa = PBXBuildFile; fileRef = 51686E38217D6CCE009EDA17 /* map_location@2x.png */; };
		51686E40217D6CCE009EDA17 /* map_userLocation@2x.png in Resources */ = {isa = PBXBuildFile; fileRef = 51686E3A217D6CCE009EDA17 /* map_userLocation@2x.png */; };
		51708D73216C90290025B10F /* BN_NetWorkCache.m in Sources */ = {isa = PBXBuildFile; fileRef = 51708D6E216C90280025B10F /* BN_NetWorkCache.m */; };
		51708D74216C90290025B10F /* BN_NetWorkService.m in Sources */ = {isa = PBXBuildFile; fileRef = 51708D6F216C90280025B10F /* BN_NetWorkService.m */; };
		51708D75216C90290025B10F /* BN_RequestHelper.m in Sources */ = {isa = PBXBuildFile; fileRef = 51708D70216C90280025B10F /* BN_RequestHelper.m */; };
		51708D76216C90290025B10F /* BN_NetWorkTool.m in Sources */ = {isa = PBXBuildFile; fileRef = 51708D72216C90280025B10F /* BN_NetWorkTool.m */; };
		51797C42217828B800FF05E7 /* Contacts.framework in Frameworks */ = {isa = PBXBuildFile; fileRef = 51797C40217828B800FF05E7 /* Contacts.framework */; };
		51797C43217828B800FF05E7 /* ContactsUI.framework in Frameworks */ = {isa = PBXBuildFile; fileRef = 51797C41217828B800FF05E7 /* ContactsUI.framework */; };
		51797C4921786F6600FF05E7 /* HealthKit.framework in Frameworks */ = {isa = PBXBuildFile; fileRef = 51797C4721786F6600FF05E7 /* HealthKit.framework */; };
		51797C4A21786F6600FF05E7 /* HealthKitUI.framework in Frameworks */ = {isa = PBXBuildFile; fileRef = 51797C4821786F6600FF05E7 /* HealthKitUI.framework */; };
		518B8D22217EBC6C007E7343 /* MAPinAnnotationView+Helper.m in Sources */ = {isa = PBXBuildFile; fileRef = 518B8D21217EBC6C007E7343 /* MAPinAnnotationView+Helper.m */; };
		518B8D25217ECAFA007E7343 /* MAShape+Helper.m in Sources */ = {isa = PBXBuildFile; fileRef = 518B8D24217ECAFA007E7343 /* MAShape+Helper.m */; };
		518B8D2A217EE3E9007E7343 /* map_point_Default@2x.png in Resources */ = {isa = PBXBuildFile; fileRef = 518B8D26217EE3E9007E7343 /* map_point_Default@2x.png */; };
		518B8D2B217EE3E9007E7343 /* map_point_start@2x.png in Resources */ = {isa = PBXBuildFile; fileRef = 518B8D27217EE3E9007E7343 /* map_point_start@2x.png */; };
		518B8D2C217EE3E9007E7343 /* map_point_end@2x.png in Resources */ = {isa = PBXBuildFile; fileRef = 518B8D28217EE3E9007E7343 /* map_point_end@2x.png */; };
		518B8D2D217EE3E9007E7343 /* map_compass@2x.png in Resources */ = {isa = PBXBuildFile; fileRef = 518B8D29217EE3E9007E7343 /* map_compass@2x.png */; };
		518B8D2F217EF641007E7343 /* mapInfo.plist in Resources */ = {isa = PBXBuildFile; fileRef = 518B8D2E217EF641007E7343 /* mapInfo.plist */; };
		518B8D32217EFDD4007E7343 /* Manger.m in Sources */ = {isa = PBXBuildFile; fileRef = 518B8D31217EFDD4007E7343 /* Manger.m */; };
		51CD3B652160BE0900A99F37 /* AppDelegate.m in Sources */ = {isa = PBXBuildFile; fileRef = 51CD3B642160BE0900A99F37 /* AppDelegate.m */; };
		51CD3B6D2160BE0B00A99F37 /* Assets.xcassets in Resources */ = {isa = PBXBuildFile; fileRef = 51CD3B6C2160BE0B00A99F37 /* Assets.xcassets */; };
		51CD3B732160BE0B00A99F37 /* main.m in Sources */ = {isa = PBXBuildFile; fileRef = 51CD3B722160BE0B00A99F37 /* main.m */; };
		AC787F26A36FC7C5BC9FC9FD /* libPods-Utilis.a in Frameworks */ = {isa = PBXBuildFile; fileRef = EE6CF1F943EEEC618729AA0A /* libPods-Utilis.a */; };
/* End PBXBuildFile section */

/* Begin PBXFileReference section */
		25A99C46950B64AFB43FB556 /* Pods-Utilis.release.xcconfig */ = {isa = PBXFileReference; includeInIndex = 1; lastKnownFileType = text.xcconfig; name = "Pods-Utilis.release.xcconfig"; path = "Pods/Target Support Files/Pods-Utilis/Pods-Utilis.release.xcconfig"; sourceTree = "<group>"; };
		51015675217D7CF400038A1B /* SpeechSynthesizer.m */ = {isa = PBXFileReference; fileEncoding = 4; lastKnownFileType = sourcecode.c.objc; path = SpeechSynthesizer.m; sourceTree = "<group>"; };
		5101567E217D7CF500038A1B /* SelectableOverlay.h */ = {isa = PBXFileReference; fileEncoding = 4; lastKnownFileType = sourcecode.c.h; path = SelectableOverlay.h; sourceTree = "<group>"; };
		5101567F217D7CF500038A1B /* SelectableOverlay.m */ = {isa = PBXFileReference; fileEncoding = 4; lastKnownFileType = sourcecode.c.objc; path = SelectableOverlay.m; sourceTree = "<group>"; };
		51015680217D7CF500038A1B /* SpeechSynthesizer.h */ = {isa = PBXFileReference; fileEncoding = 4; lastKnownFileType = sourcecode.c.h; path = SpeechSynthesizer.h; sourceTree = "<group>"; };
		512B7413217DA4EF00D64E4F /* MapViewController.h */ = {isa = PBXFileReference; lastKnownFileType = sourcecode.c.h; path = MapViewController.h; sourceTree = "<group>"; };
		512B7414217DA4EF00D64E4F /* MapViewController.m */ = {isa = PBXFileReference; lastKnownFileType = sourcecode.c.objc; path = MapViewController.m; sourceTree = "<group>"; };
		512B7418217DCE5800D64E4F /* CoreTelephony.framework */ = {isa = PBXFileReference; lastKnownFileType = wrapper.framework; name = CoreTelephony.framework; path = System/Library/Frameworks/CoreTelephony.framework; sourceTree = SDKROOT; };
		512B741A217DD5CE00D64E4F /* MainViewController.h */ = {isa = PBXFileReference; lastKnownFileType = sourcecode.c.h; path = MainViewController.h; sourceTree = "<group>"; };
		512B741B217DD5CE00D64E4F /* MainViewController.m */ = {isa = PBXFileReference; lastKnownFileType = sourcecode.c.objc; path = MainViewController.m; sourceTree = "<group>"; };
		51686BE7217D63B2009EDA17 /* BN_GroupViewZero.m */ = {isa = PBXFileReference; fileEncoding = 4; lastKnownFileType = sourcecode.c.objc; path = BN_GroupViewZero.m; sourceTree = "<group>"; };
		51686BE8217D63B2009EDA17 /* BN_TableViewExcelCell.h */ = {isa = PBXFileReference; fileEncoding = 4; lastKnownFileType = sourcecode.c.h; path = BN_TableViewExcelCell.h; sourceTree = "<group>"; };
		51686BE9217D63B2009EDA17 /* BN_FoldHeaderFooterView.h */ = {isa = PBXFileReference; fileEncoding = 4; lastKnownFileType = sourcecode.c.h; path = BN_FoldHeaderFooterView.h; sourceTree = "<group>"; };
		51686BEA217D63B2009EDA17 /* BN_ItemsView.h */ = {isa = PBXFileReference; fileEncoding = 4; lastKnownFileType = sourcecode.c.h; path = BN_ItemsView.h; sourceTree = "<group>"; };
		51686BEB217D63B2009EDA17 /* BN_TabBarViewZero.h */ = {isa = PBXFileReference; fileEncoding = 4; lastKnownFileType = sourcecode.c.h; path = BN_TabBarViewZero.h; sourceTree = "<group>"; };
		51686BEC217D63B2009EDA17 /* BN_CycleView.m */ = {isa = PBXFileReference; fileEncoding = 4; lastKnownFileType = sourcecode.c.objc; path = BN_CycleView.m; sourceTree = "<group>"; };
		51686BED217D63B2009EDA17 /* BN_StarsView.m */ = {isa = PBXFileReference; fileEncoding = 4; lastKnownFileType = sourcecode.c.objc; path = BN_StarsView.m; sourceTree = "<group>"; };
		51686BEE217D63B2009EDA17 /* BN_BtnView.m */ = {isa = PBXFileReference; fileEncoding = 4; lastKnownFileType = sourcecode.c.objc; path = BN_BtnView.m; sourceTree = "<group>"; };
		51686BEF217D63B2009EDA17 /* BN_AlertView.h */ = {isa = PBXFileReference; fileEncoding = 4; lastKnownFileType = sourcecode.c.h; path = BN_AlertView.h; sourceTree = "<group>"; };
		51686BF0217D63B2009EDA17 /* BN_WebView.m */ = {isa = PBXFileReference; fileEncoding = 4; lastKnownFileType = sourcecode.c.objc; path = BN_WebView.m; sourceTree = "<group>"; };
		51686BF1217D63B2009EDA17 /* BN_TurnView.h */ = {isa = PBXFileReference; fileEncoding = 4; lastKnownFileType = sourcecode.c.h; path = BN_TurnView.h; sourceTree = "<group>"; };
		51686BF2217D63B2009EDA17 /* BN_PhotosView.h */ = {isa = PBXFileReference; fileEncoding = 4; lastKnownFileType = sourcecode.c.h; path = BN_PhotosView.h; sourceTree = "<group>"; };
		51686BF3217D63B2009EDA17 /* BN_GroupView.m */ = {isa = PBXFileReference; fileEncoding = 4; lastKnownFileType = sourcecode.c.objc; path = BN_GroupView.m; sourceTree = "<group>"; };
		51686BF4217D63B2009EDA17 /* BN_Circle.h */ = {isa = PBXFileReference; fileEncoding = 4; lastKnownFileType = sourcecode.c.h; path = BN_Circle.h; sourceTree = "<group>"; };
		51686BF5217D63B2009EDA17 /* BN_DatePicker.m */ = {isa = PBXFileReference; fileEncoding = 4; lastKnownFileType = sourcecode.c.objc; path = BN_DatePicker.m; sourceTree = "<group>"; };
		51686BF6217D63B2009EDA17 /* BN_LabGroupView.h */ = {isa = PBXFileReference; fileEncoding = 4; lastKnownFileType = sourcecode.c.h; path = BN_LabGroupView.h; sourceTree = "<group>"; };
		51686BF7217D63B2009EDA17 /* BN_AddPictureView.h */ = {isa = PBXFileReference; fileEncoding = 4; lastKnownFileType = sourcecode.c.h; path = BN_AddPictureView.h; sourceTree = "<group>"; };
		51686BF8217D63B2009EDA17 /* BN_PickerViewAddress.m */ = {isa = PBXFileReference; fileEncoding = 4; lastKnownFileType = sourcecode.c.objc; path = BN_PickerViewAddress.m; sourceTree = "<group>"; };
		51686BF9217D63B2009EDA17 /* BN_MonthView.m */ = {isa = PBXFileReference; fileEncoding = 4; lastKnownFileType = sourcecode.c.objc; path = BN_MonthView.m; sourceTree = "<group>"; };
		51686BFA217D63B2009EDA17 /* BN_SegmentViewZero.m */ = {isa = PBXFileReference; fileEncoding = 4; lastKnownFileType = sourcecode.c.objc; path = BN_SegmentViewZero.m; sourceTree = "<group>"; };
		51686BFB217D63B2009EDA17 /* BN_LeftMenuView.m */ = {isa = PBXFileReference; fileEncoding = 4; lastKnownFileType = sourcecode.c.objc; path = BN_LeftMenuView.m; sourceTree = "<group>"; };
		51686BFC217D63B2009EDA17 /* BN_AlertViewTwo.h */ = {isa = PBXFileReference; fileEncoding = 4; lastKnownFileType = sourcecode.c.h; path = BN_AlertViewTwo.h; sourceTree = "<group>"; };
		51686BFD217D63B2009EDA17 /* BN_PairLabelView.m */ = {isa = PBXFileReference; fileEncoding = 4; lastKnownFileType = sourcecode.c.objc; path = BN_PairLabelView.m; sourceTree = "<group>"; };
		51686BFE217D63B2009EDA17 /* BN_StarRateView.h */ = {isa = PBXFileReference; fileEncoding = 4; lastKnownFileType = sourcecode.c.h; path = BN_StarRateView.h; sourceTree = "<group>"; };
		51686BFF217D63B2009EDA17 /* BN_SegmentView.m */ = {isa = PBXFileReference; fileEncoding = 4; lastKnownFileType = sourcecode.c.objc; path = BN_SegmentView.m; sourceTree = "<group>"; };
		51686C00217D63B2009EDA17 /* BN_MenuView.m */ = {isa = PBXFileReference; fileEncoding = 4; lastKnownFileType = sourcecode.c.objc; path = BN_MenuView.m; sourceTree = "<group>"; };
		51686C01217D63B2009EDA17 /* BN_FilterView.m */ = {isa = PBXFileReference; fileEncoding = 4; lastKnownFileType = sourcecode.c.objc; path = BN_FilterView.m; sourceTree = "<group>"; };
		51686C02217D63B2009EDA17 /* BN_AddCardView.m */ = {isa = PBXFileReference; fileEncoding = 4; lastKnownFileType = sourcecode.c.objc; path = BN_AddCardView.m; sourceTree = "<group>"; };
		51686C03217D63B2009EDA17 /* BN_AlertViewZero.m */ = {isa = PBXFileReference; fileEncoding = 4; lastKnownFileType = sourcecode.c.objc; path = BN_AlertViewZero.m; sourceTree = "<group>"; };
		51686C04217D63B2009EDA17 /* BN_RefreshHeader.m */ = {isa = PBXFileReference; fileEncoding = 4; lastKnownFileType = sourcecode.c.objc; path = BN_RefreshHeader.m; sourceTree = "<group>"; };
		51686C05217D63B2009EDA17 /* BN_HeaderFooterView.h */ = {isa = PBXFileReference; fileEncoding = 4; lastKnownFileType = sourcecode.c.h; path = BN_HeaderFooterView.h; sourceTree = "<group>"; };
		51686C06217D63B2009EDA17 /* BN_ShoppingView.m */ = {isa = PBXFileReference; fileEncoding = 4; lastKnownFileType = sourcecode.c.objc; path = BN_ShoppingView.m; sourceTree = "<group>"; };
		51686C07217D63B2009EDA17 /* BN_PickerView.h */ = {isa = PBXFileReference; fileEncoding = 4; lastKnownFileType = sourcecode.c.h; path = BN_PickerView.h; sourceTree = "<group>"; };
		51686C08217D63B2009EDA17 /* BN_ImgLabelView.h */ = {isa = PBXFileReference; fileEncoding = 4; lastKnownFileType = sourcecode.c.h; path = BN_ImgLabelView.h; sourceTree = "<group>"; };
		51686C09217D63B2009EDA17 /* BN_AddPictureVC.h */ = {isa = PBXFileReference; fileEncoding = 4; lastKnownFileType = sourcecode.c.h; path = BN_AddPictureVC.h; sourceTree = "<group>"; };
		51686C0A217D63B2009EDA17 /* BN_LabView.h */ = {isa = PBXFileReference; fileEncoding = 4; lastKnownFileType = sourcecode.c.h; path = BN_LabView.h; sourceTree = "<group>"; };
		51686C0B217D63B2009EDA17 /* BN_GView.h */ = {isa = PBXFileReference; fileEncoding = 4; lastKnownFileType = sourcecode.c.h; path = BN_GView.h; sourceTree = "<group>"; };
		51686C0C217D63B2009EDA17 /* BN_View.h */ = {isa = PBXFileReference; fileEncoding = 4; lastKnownFileType = sourcecode.c.h; path = BN_View.h; sourceTree = "<group>"; };
		51686C0D217D63B2009EDA17 /* BN_AlertViewOne.m */ = {isa = PBXFileReference; fileEncoding = 4; lastKnownFileType = sourcecode.c.objc; path = BN_AlertViewOne.m; sourceTree = "<group>"; };
		51686C0E217D63B2009EDA17 /* BN_SuspendButton.h */ = {isa = PBXFileReference; fileEncoding = 4; lastKnownFileType = sourcecode.c.h; path = BN_SuspendButton.h; sourceTree = "<group>"; };
		51686C0F217D63B2009EDA17 /* BN_UserView.h */ = {isa = PBXFileReference; fileEncoding = 4; lastKnownFileType = sourcecode.c.h; path = BN_UserView.h; sourceTree = "<group>"; };
		51686C10217D63B2009EDA17 /* BN_RotationView.h */ = {isa = PBXFileReference; fileEncoding = 4; lastKnownFileType = sourcecode.c.h; path = BN_RotationView.h; sourceTree = "<group>"; };
		51686C11217D63B2009EDA17 /* BN_GuideView.h */ = {isa = PBXFileReference; fileEncoding = 4; lastKnownFileType = sourcecode.c.h; path = BN_GuideView.h; sourceTree = "<group>"; };
		51686C12217D63B2009EDA17 /* BN_RangeDateView.h */ = {isa = PBXFileReference; fileEncoding = 4; lastKnownFileType = sourcecode.c.h; path = BN_RangeDateView.h; sourceTree = "<group>"; };
		51686C13217D63B2009EDA17 /* BN_Toast.h */ = {isa = PBXFileReference; fileEncoding = 4; lastKnownFileType = sourcecode.c.h; path = BN_Toast.h; sourceTree = "<group>"; };
		51686C14217D63B2009EDA17 /* BN_ExtendView.h */ = {isa = PBXFileReference; fileEncoding = 4; lastKnownFileType = sourcecode.c.h; path = BN_ExtendView.h; sourceTree = "<group>"; };
		51686C15217D63B2009EDA17 /* BN_TabBarView.h */ = {isa = PBXFileReference; fileEncoding = 4; lastKnownFileType = sourcecode.c.h; path = BN_TabBarView.h; sourceTree = "<group>"; };
		51686C16217D63B2009EDA17 /* BN_PhotosView.m */ = {isa = PBXFileReference; fileEncoding = 4; lastKnownFileType = sourcecode.c.objc; path = BN_PhotosView.m; sourceTree = "<group>"; };
		51686C17217D63B2009EDA17 /* BN_WebView.h */ = {isa = PBXFileReference; fileEncoding = 4; lastKnownFileType = sourcecode.c.h; path = BN_WebView.h; sourceTree = "<group>"; };
		51686C18217D63B2009EDA17 /* BN_TurnView.m */ = {isa = PBXFileReference; fileEncoding = 4; lastKnownFileType = sourcecode.c.objc; path = BN_TurnView.m; sourceTree = "<group>"; };
		51686C19217D63B2009EDA17 /* BN_AlertView.m */ = {isa = PBXFileReference; fileEncoding = 4; lastKnownFileType = sourcecode.c.objc; path = BN_AlertView.m; sourceTree = "<group>"; };
		51686C1A217D63B2009EDA17 /* BN_BtnView.h */ = {isa = PBXFileReference; fileEncoding = 4; lastKnownFileType = sourcecode.c.h; path = BN_BtnView.h; sourceTree = "<group>"; };
		51686C1B217D63B2009EDA17 /* BN_StarsView.h */ = {isa = PBXFileReference; fileEncoding = 4; lastKnownFileType = sourcecode.c.h; path = BN_StarsView.h; sourceTree = "<group>"; };
		51686C1C217D63B2009EDA17 /* BN_CycleView.h */ = {isa = PBXFileReference; fileEncoding = 4; lastKnownFileType = sourcecode.c.h; path = BN_CycleView.h; sourceTree = "<group>"; };
		51686C1D217D63B2009EDA17 /* BN_TabBarViewZero.m */ = {isa = PBXFileReference; fileEncoding = 4; lastKnownFileType = sourcecode.c.objc; path = BN_TabBarViewZero.m; sourceTree = "<group>"; };
		51686C1E217D63B2009EDA17 /* BN_TableViewExcelCell.m */ = {isa = PBXFileReference; fileEncoding = 4; lastKnownFileType = sourcecode.c.objc; path = BN_TableViewExcelCell.m; sourceTree = "<group>"; };
		51686C1F217D63B2009EDA17 /* BN_ItemsView.m */ = {isa = PBXFileReference; fileEncoding = 4; lastKnownFileType = sourcecode.c.objc; path = BN_ItemsView.m; sourceTree = "<group>"; };
		51686C20217D63B2009EDA17 /* BN_FoldHeaderFooterView.m */ = {isa = PBXFileReference; fileEncoding = 4; lastKnownFileType = sourcecode.c.objc; path = BN_FoldHeaderFooterView.m; sourceTree = "<group>"; };
		51686C21217D63B2009EDA17 /* BN_GroupViewZero.h */ = {isa = PBXFileReference; fileEncoding = 4; lastKnownFileType = sourcecode.c.h; path = BN_GroupViewZero.h; sourceTree = "<group>"; };
		51686C22217D63B2009EDA17 /* BN_AlertViewTwo.m */ = {isa = PBXFileReference; fileEncoding = 4; lastKnownFileType = sourcecode.c.objc; path = BN_AlertViewTwo.m; sourceTree = "<group>"; };
		51686C23217D63B2009EDA17 /* BN_LeftMenuView.h */ = {isa = PBXFileReference; fileEncoding = 4; lastKnownFileType = sourcecode.c.h; path = BN_LeftMenuView.h; sourceTree = "<group>"; };
		51686C24217D63B2009EDA17 /* BN_SegmentViewZero.h */ = {isa = PBXFileReference; fileEncoding = 4; lastKnownFileType = sourcecode.c.h; path = BN_SegmentViewZero.h; sourceTree = "<group>"; };
		51686C25217D63B2009EDA17 /* BN_MonthView.h */ = {isa = PBXFileReference; fileEncoding = 4; lastKnownFileType = sourcecode.c.h; path = BN_MonthView.h; sourceTree = "<group>"; };
		51686C26217D63B2009EDA17 /* BN_PickerViewAddress.h */ = {isa = PBXFileReference; fileEncoding = 4; lastKnownFileType = sourcecode.c.h; path = BN_PickerViewAddress.h; sourceTree = "<group>"; };
		51686C27217D63B2009EDA17 /* BN_LabGroupView.m */ = {isa = PBXFileReference; fileEncoding = 4; lastKnownFileType = sourcecode.c.objc; path = BN_LabGroupView.m; sourceTree = "<group>"; };
		51686C28217D63B2009EDA17 /* BN_AddPictureView.m */ = {isa = PBXFileReference; fileEncoding = 4; lastKnownFileType = sourcecode.c.objc; path = BN_AddPictureView.m; sourceTree = "<group>"; };
		51686C29217D63B2009EDA17 /* BN_GroupView.h */ = {isa = PBXFileReference; fileEncoding = 4; lastKnownFileType = sourcecode.c.h; path = BN_GroupView.h; sourceTree = "<group>"; };
		51686C2A217D63B2009EDA17 /* BN_DatePicker.h */ = {isa = PBXFileReference; fileEncoding = 4; lastKnownFileType = sourcecode.c.h; path = BN_DatePicker.h; sourceTree = "<group>"; };
		51686C2B217D63B2009EDA17 /* BN_Circle.m */ = {isa = PBXFileReference; fileEncoding = 4; lastKnownFileType = sourcecode.c.objc; path = BN_Circle.m; sourceTree = "<group>"; };
		51686C2C217D63B2009EDA17 /* BN_RefreshHeader.h */ = {isa = PBXFileReference; fileEncoding = 4; lastKnownFileType = sourcecode.c.h; path = BN_RefreshHeader.h; sourceTree = "<group>"; };
		51686C2D217D63B2009EDA17 /* BN_AlertViewZero.h */ = {isa = PBXFileReference; fileEncoding = 4; lastKnownFileType = sourcecode.c.h; path = BN_AlertViewZero.h; sourceTree = "<group>"; };
		51686C2F217D63B2009EDA17 /* area.plist */ = {isa = PBXFileReference; fileEncoding = 4; lastKnownFileType = text.plist.xml; path = area.plist; sourceTree = "<group>"; };
		51686C30217D63B2009EDA17 /* b27_icon_star_yellow@2x.png */ = {isa = PBXFileReference; lastKnownFileType = image.png; path = "b27_icon_star_yellow@2x.png"; sourceTree = "<group>"; };
		51686C31217D63B2009EDA17 /* b27_icon_star_gray@2x.png */ = {isa = PBXFileReference; lastKnownFileType = image.png; path = "b27_icon_star_gray@2x.png"; sourceTree = "<group>"; };
		51686C32217D63B2009EDA17 /* BN_AddCardView.h */ = {isa = PBXFileReference; fileEncoding = 4; lastKnownFileType = sourcecode.c.h; path = BN_AddCardView.h; sourceTree = "<group>"; };
		51686C33217D63B2009EDA17 /* BN_FilterView.h */ = {isa = PBXFileReference; fileEncoding = 4; lastKnownFileType = sourcecode.c.h; path = BN_FilterView.h; sourceTree = "<group>"; };
		51686C34217D63B2009EDA17 /* BN_MenuView.h */ = {isa = PBXFileReference; fileEncoding = 4; lastKnownFileType = sourcecode.c.h; path = BN_MenuView.h; sourceTree = "<group>"; };
		51686C35217D63B2009EDA17 /* BN_SegmentView.h */ = {isa = PBXFileReference; fileEncoding = 4; lastKnownFileType = sourcecode.c.h; path = BN_SegmentView.h; sourceTree = "<group>"; };
		51686C36217D63B2009EDA17 /* BN_StarRateView.m */ = {isa = PBXFileReference; fileEncoding = 4; lastKnownFileType = sourcecode.c.objc; path = BN_StarRateView.m; sourceTree = "<group>"; };
		51686C37217D63B2009EDA17 /* BN_PairLabelView.h */ = {isa = PBXFileReference; fileEncoding = 4; lastKnownFileType = sourcecode.c.h; path = BN_PairLabelView.h; sourceTree = "<group>"; };
		51686C38217D63B2009EDA17 /* BN_TabBarView.m */ = {isa = PBXFileReference; fileEncoding = 4; lastKnownFileType = sourcecode.c.objc; path = BN_TabBarView.m; sourceTree = "<group>"; };
		51686C39217D63B3009EDA17 /* BN_ExtendView.m */ = {isa = PBXFileReference; fileEncoding = 4; lastKnownFileType = sourcecode.c.objc; path = BN_ExtendView.m; sourceTree = "<group>"; };
		51686C3A217D63B3009EDA17 /* BN_Toast.m */ = {isa = PBXFileReference; fileEncoding = 4; lastKnownFileType = sourcecode.c.objc; path = BN_Toast.m; sourceTree = "<group>"; };
		51686C3B217D63B3009EDA17 /* BN_SuspendButton.m */ = {isa = PBXFileReference; fileEncoding = 4; lastKnownFileType = sourcecode.c.objc; path = BN_SuspendButton.m; sourceTree = "<group>"; };
		51686C3C217D63B3009EDA17 /* BN_RotationView.m */ = {isa = PBXFileReference; fileEncoding = 4; lastKnownFileType = sourcecode.c.objc; path = BN_RotationView.m; sourceTree = "<group>"; };
		51686C3D217D63B3009EDA17 /* BN_UserView.m */ = {isa = PBXFileReference; fileEncoding = 4; lastKnownFileType = sourcecode.c.objc; path = BN_UserView.m; sourceTree = "<group>"; };
		51686C3E217D63B3009EDA17 /* BN_RangeDateView.m */ = {isa = PBXFileReference; fileEncoding = 4; lastKnownFileType = sourcecode.c.objc; path = BN_RangeDateView.m; sourceTree = "<group>"; };
		51686C3F217D63B3009EDA17 /* BN_GuideView.m */ = {isa = PBXFileReference; fileEncoding = 4; lastKnownFileType = sourcecode.c.objc; path = BN_GuideView.m; sourceTree = "<group>"; };
		51686C40217D63B3009EDA17 /* BN_GView.m */ = {isa = PBXFileReference; fileEncoding = 4; lastKnownFileType = sourcecode.c.objc; path = BN_GView.m; sourceTree = "<group>"; };
		51686C41217D63B3009EDA17 /* BN_AlertViewOne.h */ = {isa = PBXFileReference; fileEncoding = 4; lastKnownFileType = sourcecode.c.h; path = BN_AlertViewOne.h; sourceTree = "<group>"; };
		51686C42217D63B3009EDA17 /* BN_LabView.m */ = {isa = PBXFileReference; fileEncoding = 4; lastKnownFileType = sourcecode.c.objc; path = BN_LabView.m; sourceTree = "<group>"; };
		51686C43217D63B3009EDA17 /* BN_AddPictureVC.m */ = {isa = PBXFileReference; fileEncoding = 4; lastKnownFileType = sourcecode.c.objc; path = BN_AddPictureVC.m; sourceTree = "<group>"; };
		51686C44217D63B3009EDA17 /* BN_ImgLabelView.m */ = {isa = PBXFileReference; fileEncoding = 4; lastKnownFileType = sourcecode.c.objc; path = BN_ImgLabelView.m; sourceTree = "<group>"; };
		51686C45217D63B3009EDA17 /* BN_PickerView.m */ = {isa = PBXFileReference; fileEncoding = 4; lastKnownFileType = sourcecode.c.objc; path = BN_PickerView.m; sourceTree = "<group>"; };
		51686C46217D63B3009EDA17 /* BN_ShoppingView.h */ = {isa = PBXFileReference; fileEncoding = 4; lastKnownFileType = sourcecode.c.h; path = BN_ShoppingView.h; sourceTree = "<group>"; };
		51686C47217D63B3009EDA17 /* BN_HeaderFooterView.m */ = {isa = PBXFileReference; fileEncoding = 4; lastKnownFileType = sourcecode.c.objc; path = BN_HeaderFooterView.m; sourceTree = "<group>"; };
		51686E33217D6AB1009EDA17 /* BN_Map.h */ = {isa = PBXFileReference; lastKnownFileType = sourcecode.c.h; path = BN_Map.h; sourceTree = "<group>"; };
		51686E34217D6AB1009EDA17 /* BN_Map.m */ = {isa = PBXFileReference; lastKnownFileType = sourcecode.c.objc; path = BN_Map.m; sourceTree = "<group>"; };
		51686E38217D6CCE009EDA17 /* map_location@2x.png */ = {isa = PBXFileReference; lastKnownFileType = image.png; path = "map_location@2x.png"; sourceTree = "<group>"; };
		51686E3A217D6CCE009EDA17 /* map_userLocation@2x.png */ = {isa = PBXFileReference; lastKnownFileType = image.png; path = "map_userLocation@2x.png"; sourceTree = "<group>"; };
		51708D6B216C90280025B10F /* BN_NetWorkCache.h */ = {isa = PBXFileReference; fileEncoding = 4; lastKnownFileType = sourcecode.c.h; path = BN_NetWorkCache.h; sourceTree = "<group>"; };
		51708D6C216C90280025B10F /* BN_NetWorkTool.h */ = {isa = PBXFileReference; fileEncoding = 4; lastKnownFileType = sourcecode.c.h; path = BN_NetWorkTool.h; sourceTree = "<group>"; };
		51708D6D216C90280025B10F /* BN_RequestHelper.h */ = {isa = PBXFileReference; fileEncoding = 4; lastKnownFileType = sourcecode.c.h; path = BN_RequestHelper.h; sourceTree = "<group>"; };
		51708D6E216C90280025B10F /* BN_NetWorkCache.m */ = {isa = PBXFileReference; fileEncoding = 4; lastKnownFileType = sourcecode.c.objc; path = BN_NetWorkCache.m; sourceTree = "<group>"; };
		51708D6F216C90280025B10F /* BN_NetWorkService.m */ = {isa = PBXFileReference; fileEncoding = 4; lastKnownFileType = sourcecode.c.objc; path = BN_NetWorkService.m; sourceTree = "<group>"; };
		51708D70216C90280025B10F /* BN_RequestHelper.m */ = {isa = PBXFileReference; fileEncoding = 4; lastKnownFileType = sourcecode.c.objc; path = BN_RequestHelper.m; sourceTree = "<group>"; };
		51708D71216C90280025B10F /* BN_NetWorkService.h */ = {isa = PBXFileReference; fileEncoding = 4; lastKnownFileType = sourcecode.c.h; path = BN_NetWorkService.h; sourceTree = "<group>"; };
		51708D72216C90280025B10F /* BN_NetWorkTool.m */ = {isa = PBXFileReference; fileEncoding = 4; lastKnownFileType = sourcecode.c.objc; path = BN_NetWorkTool.m; sourceTree = "<group>"; };
		51797C40217828B800FF05E7 /* Contacts.framework */ = {isa = PBXFileReference; lastKnownFileType = wrapper.framework; name = Contacts.framework; path = System/Library/Frameworks/Contacts.framework; sourceTree = SDKROOT; };
		51797C41217828B800FF05E7 /* ContactsUI.framework */ = {isa = PBXFileReference; lastKnownFileType = wrapper.framework; name = ContactsUI.framework; path = System/Library/Frameworks/ContactsUI.framework; sourceTree = SDKROOT; };
		51797C4721786F6600FF05E7 /* HealthKit.framework */ = {isa = PBXFileReference; lastKnownFileType = wrapper.framework; name = HealthKit.framework; path = System/Library/Frameworks/HealthKit.framework; sourceTree = SDKROOT; };
		51797C4821786F6600FF05E7 /* HealthKitUI.framework */ = {isa = PBXFileReference; lastKnownFileType = wrapper.framework; name = HealthKitUI.framework; path = System/Library/Frameworks/HealthKitUI.framework; sourceTree = SDKROOT; };
		518B8D20217EBC6C007E7343 /* MAPinAnnotationView+Helper.h */ = {isa = PBXFileReference; lastKnownFileType = sourcecode.c.h; path = "MAPinAnnotationView+Helper.h"; sourceTree = "<group>"; };
		518B8D21217EBC6C007E7343 /* MAPinAnnotationView+Helper.m */ = {isa = PBXFileReference; lastKnownFileType = sourcecode.c.objc; path = "MAPinAnnotationView+Helper.m"; sourceTree = "<group>"; };
		518B8D23217ECAFA007E7343 /* MAShape+Helper.h */ = {isa = PBXFileReference; lastKnownFileType = sourcecode.c.h; path = "MAShape+Helper.h"; sourceTree = "<group>"; };
		518B8D24217ECAFA007E7343 /* MAShape+Helper.m */ = {isa = PBXFileReference; lastKnownFileType = sourcecode.c.objc; path = "MAShape+Helper.m"; sourceTree = "<group>"; };
		518B8D26217EE3E9007E7343 /* map_point_Default@2x.png */ = {isa = PBXFileReference; lastKnownFileType = image.png; path = "map_point_Default@2x.png"; sourceTree = "<group>"; };
		518B8D27217EE3E9007E7343 /* map_point_start@2x.png */ = {isa = PBXFileReference; lastKnownFileType = image.png; path = "map_point_start@2x.png"; sourceTree = "<group>"; };
		518B8D28217EE3E9007E7343 /* map_point_end@2x.png */ = {isa = PBXFileReference; lastKnownFileType = image.png; path = "map_point_end@2x.png"; sourceTree = "<group>"; };
		518B8D29217EE3E9007E7343 /* map_compass@2x.png */ = {isa = PBXFileReference; lastKnownFileType = image.png; path = "map_compass@2x.png"; sourceTree = "<group>"; };
		518B8D2E217EF641007E7343 /* mapInfo.plist */ = {isa = PBXFileReference; fileEncoding = 4; lastKnownFileType = text.plist.xml; path = mapInfo.plist; sourceTree = "<group>"; };
		518B8D30217EFDD4007E7343 /* Manger.h */ = {isa = PBXFileReference; lastKnownFileType = sourcecode.c.h; path = Manger.h; sourceTree = "<group>"; };
		518B8D31217EFDD4007E7343 /* Manger.m */ = {isa = PBXFileReference; lastKnownFileType = sourcecode.c.objc; path = Manger.m; sourceTree = "<group>"; };
		51CD3B602160BE0900A99F37 /* Utilis.app */ = {isa = PBXFileReference; explicitFileType = wrapper.application; includeInIndex = 0; path = Utilis.app; sourceTree = BUILT_PRODUCTS_DIR; };
		51CD3B632160BE0900A99F37 /* AppDelegate.h */ = {isa = PBXFileReference; lastKnownFileType = sourcecode.c.h; path = AppDelegate.h; sourceTree = "<group>"; };
		51CD3B642160BE0900A99F37 /* AppDelegate.m */ = {isa = PBXFileReference; lastKnownFileType = sourcecode.c.objc; path = AppDelegate.m; sourceTree = "<group>"; };
		51CD3B6C2160BE0B00A99F37 /* Assets.xcassets */ = {isa = PBXFileReference; lastKnownFileType = folder.assetcatalog; path = Assets.xcassets; sourceTree = "<group>"; };
		51CD3B712160BE0B00A99F37 /* Info.plist */ = {isa = PBXFileReference; lastKnownFileType = text.plist.xml; path = Info.plist; sourceTree = "<group>"; };
		51CD3B722160BE0B00A99F37 /* main.m */ = {isa = PBXFileReference; lastKnownFileType = sourcecode.c.objc; path = main.m; sourceTree = "<group>"; };
		51CD3D312160BE1900A99F37 /* BN_Utils.h */ = {isa = PBXFileReference; fileEncoding = 4; lastKnownFileType = sourcecode.c.h; path = BN_Utils.h; sourceTree = "<group>"; };
		D25660C77F86B2D898306D97 /* Pods-Utilis.debug.xcconfig */ = {isa = PBXFileReference; includeInIndex = 1; lastKnownFileType = text.xcconfig; name = "Pods-Utilis.debug.xcconfig"; path = "Pods/Target Support Files/Pods-Utilis/Pods-Utilis.debug.xcconfig"; sourceTree = "<group>"; };
		EE6CF1F943EEEC618729AA0A /* libPods-Utilis.a */ = {isa = PBXFileReference; explicitFileType = archive.ar; includeInIndex = 0; path = "libPods-Utilis.a"; sourceTree = BUILT_PRODUCTS_DIR; };
/* End PBXFileReference section */

/* Begin PBXFrameworksBuildPhase section */
		51CD3B5D2160BE0900A99F37 /* Frameworks */ = {
			isa = PBXFrameworksBuildPhase;
			buildActionMask = 2147483647;
			files = (
				512B7419217DCE5800D64E4F /* CoreTelephony.framework in Frameworks */,
				51797C4921786F6600FF05E7 /* HealthKit.framework in Frameworks */,
				51797C4A21786F6600FF05E7 /* HealthKitUI.framework in Frameworks */,
				51797C42217828B800FF05E7 /* Contacts.framework in Frameworks */,
				51797C43217828B800FF05E7 /* ContactsUI.framework in Frameworks */,
				AC787F26A36FC7C5BC9FC9FD /* libPods-Utilis.a in Frameworks */,
			);
			runOnlyForDeploymentPostprocessing = 0;
		};
/* End PBXFrameworksBuildPhase section */

/* Begin PBXGroup section */
		1A7EB15F477A22D797749A19 /* Frameworks */ = {
			isa = PBXGroup;
			children = (
				512B7418217DCE5800D64E4F /* CoreTelephony.framework */,
				51797C4721786F6600FF05E7 /* HealthKit.framework */,
				51797C4821786F6600FF05E7 /* HealthKitUI.framework */,
				51797C40217828B800FF05E7 /* Contacts.framework */,
				51797C41217828B800FF05E7 /* ContactsUI.framework */,
				EE6CF1F943EEEC618729AA0A /* libPods-Utilis.a */,
			);
			name = Frameworks;
			sourceTree = "<group>";
		};
		51686BE6217D63B2009EDA17 /* BN_View */ = {
			isa = PBXGroup;
			children = (
				51686BE7217D63B2009EDA17 /* BN_GroupViewZero.m */,
				51686BE8217D63B2009EDA17 /* BN_TableViewExcelCell.h */,
				51686BE9217D63B2009EDA17 /* BN_FoldHeaderFooterView.h */,
				51686BEA217D63B2009EDA17 /* BN_ItemsView.h */,
				51686BEB217D63B2009EDA17 /* BN_TabBarViewZero.h */,
				51686BEC217D63B2009EDA17 /* BN_CycleView.m */,
				51686BED217D63B2009EDA17 /* BN_StarsView.m */,
				51686BEE217D63B2009EDA17 /* BN_BtnView.m */,
				51686BEF217D63B2009EDA17 /* BN_AlertView.h */,
				51686BF0217D63B2009EDA17 /* BN_WebView.m */,
				51686BF1217D63B2009EDA17 /* BN_TurnView.h */,
				51686BF2217D63B2009EDA17 /* BN_PhotosView.h */,
				51686BF3217D63B2009EDA17 /* BN_GroupView.m */,
				51686BF4217D63B2009EDA17 /* BN_Circle.h */,
				51686BF5217D63B2009EDA17 /* BN_DatePicker.m */,
				51686BF6217D63B2009EDA17 /* BN_LabGroupView.h */,
				51686BF7217D63B2009EDA17 /* BN_AddPictureView.h */,
				51686BF8217D63B2009EDA17 /* BN_PickerViewAddress.m */,
				51686BF9217D63B2009EDA17 /* BN_MonthView.m */,
				51686BFA217D63B2009EDA17 /* BN_SegmentViewZero.m */,
				51686BFB217D63B2009EDA17 /* BN_LeftMenuView.m */,
				51686BFC217D63B2009EDA17 /* BN_AlertViewTwo.h */,
				51686BFD217D63B2009EDA17 /* BN_PairLabelView.m */,
				51686BFE217D63B2009EDA17 /* BN_StarRateView.h */,
				51686BFF217D63B2009EDA17 /* BN_SegmentView.m */,
				51686C00217D63B2009EDA17 /* BN_MenuView.m */,
				51686C01217D63B2009EDA17 /* BN_FilterView.m */,
				51686C02217D63B2009EDA17 /* BN_AddCardView.m */,
				51686C03217D63B2009EDA17 /* BN_AlertViewZero.m */,
				51686C04217D63B2009EDA17 /* BN_RefreshHeader.m */,
				51686C05217D63B2009EDA17 /* BN_HeaderFooterView.h */,
				51686C06217D63B2009EDA17 /* BN_ShoppingView.m */,
				51686C07217D63B2009EDA17 /* BN_PickerView.h */,
				51686C08217D63B2009EDA17 /* BN_ImgLabelView.h */,
				51686C09217D63B2009EDA17 /* BN_AddPictureVC.h */,
				51686C0A217D63B2009EDA17 /* BN_LabView.h */,
				51686C0B217D63B2009EDA17 /* BN_GView.h */,
				51686C0C217D63B2009EDA17 /* BN_View.h */,
				51686C0D217D63B2009EDA17 /* BN_AlertViewOne.m */,
				51686C0E217D63B2009EDA17 /* BN_SuspendButton.h */,
				51686C0F217D63B2009EDA17 /* BN_UserView.h */,
				51686C10217D63B2009EDA17 /* BN_RotationView.h */,
				51686C11217D63B2009EDA17 /* BN_GuideView.h */,
				51686C12217D63B2009EDA17 /* BN_RangeDateView.h */,
				51686C13217D63B2009EDA17 /* BN_Toast.h */,
				51686C14217D63B2009EDA17 /* BN_ExtendView.h */,
				51686C15217D63B2009EDA17 /* BN_TabBarView.h */,
				51686C16217D63B2009EDA17 /* BN_PhotosView.m */,
				51686C17217D63B2009EDA17 /* BN_WebView.h */,
				51686C18217D63B2009EDA17 /* BN_TurnView.m */,
				51686C19217D63B2009EDA17 /* BN_AlertView.m */,
				51686C1A217D63B2009EDA17 /* BN_BtnView.h */,
				51686C1B217D63B2009EDA17 /* BN_StarsView.h */,
				51686C1C217D63B2009EDA17 /* BN_CycleView.h */,
				51686C1D217D63B2009EDA17 /* BN_TabBarViewZero.m */,
				51686C1E217D63B2009EDA17 /* BN_TableViewExcelCell.m */,
				51686C1F217D63B2009EDA17 /* BN_ItemsView.m */,
				51686C20217D63B2009EDA17 /* BN_FoldHeaderFooterView.m */,
				51686C21217D63B2009EDA17 /* BN_GroupViewZero.h */,
				51686C22217D63B2009EDA17 /* BN_AlertViewTwo.m */,
				51686C23217D63B2009EDA17 /* BN_LeftMenuView.h */,
				51686C24217D63B2009EDA17 /* BN_SegmentViewZero.h */,
				51686C25217D63B2009EDA17 /* BN_MonthView.h */,
				51686C26217D63B2009EDA17 /* BN_PickerViewAddress.h */,
				51686C27217D63B2009EDA17 /* BN_LabGroupView.m */,
				51686C28217D63B2009EDA17 /* BN_AddPictureView.m */,
				51686C29217D63B2009EDA17 /* BN_GroupView.h */,
				51686C2A217D63B2009EDA17 /* BN_DatePicker.h */,
				51686C2B217D63B2009EDA17 /* BN_Circle.m */,
				51686C2C217D63B2009EDA17 /* BN_RefreshHeader.h */,
				51686C2D217D63B2009EDA17 /* BN_AlertViewZero.h */,
				51686C2E217D63B2009EDA17 /* BN_Resource */,
				51686C32217D63B2009EDA17 /* BN_AddCardView.h */,
				51686C33217D63B2009EDA17 /* BN_FilterView.h */,
				51686C34217D63B2009EDA17 /* BN_MenuView.h */,
				51686C35217D63B2009EDA17 /* BN_SegmentView.h */,
				51686C36217D63B2009EDA17 /* BN_StarRateView.m */,
				51686C37217D63B2009EDA17 /* BN_PairLabelView.h */,
				51686C38217D63B2009EDA17 /* BN_TabBarView.m */,
				51686C39217D63B3009EDA17 /* BN_ExtendView.m */,
				51686C3A217D63B3009EDA17 /* BN_Toast.m */,
				51686C3B217D63B3009EDA17 /* BN_SuspendButton.m */,
				51686C3C217D63B3009EDA17 /* BN_RotationView.m */,
				51686C3D217D63B3009EDA17 /* BN_UserView.m */,
				51686C3E217D63B3009EDA17 /* BN_RangeDateView.m */,
				51686C3F217D63B3009EDA17 /* BN_GuideView.m */,
				51686C40217D63B3009EDA17 /* BN_GView.m */,
				51686C41217D63B3009EDA17 /* BN_AlertViewOne.h */,
				51686C42217D63B3009EDA17 /* BN_LabView.m */,
				51686C43217D63B3009EDA17 /* BN_AddPictureVC.m */,
				51686C44217D63B3009EDA17 /* BN_ImgLabelView.m */,
				51686C45217D63B3009EDA17 /* BN_PickerView.m */,
				51686C46217D63B3009EDA17 /* BN_ShoppingView.h */,
				51686C47217D63B3009EDA17 /* BN_HeaderFooterView.m */,
			);
			path = BN_View;
			sourceTree = "<group>";
		};
		51686C2E217D63B2009EDA17 /* BN_Resource */ = {
			isa = PBXGroup;
			children = (
				51686C2F217D63B2009EDA17 /* area.plist */,
				51686C30217D63B2009EDA17 /* b27_icon_star_yellow@2x.png */,
				51686C31217D63B2009EDA17 /* b27_icon_star_gray@2x.png */,
			);
			path = BN_Resource;
			sourceTree = "<group>";
		};
		51686E32217D69AB009EDA17 /* BN_Map */ = {
			isa = PBXGroup;
			children = (
				51686E36217D6C8A009EDA17 /* Resource */,
				5101567E217D7CF500038A1B /* SelectableOverlay.h */,
				5101567F217D7CF500038A1B /* SelectableOverlay.m */,
				51015680217D7CF500038A1B /* SpeechSynthesizer.h */,
				51015675217D7CF400038A1B /* SpeechSynthesizer.m */,
				51686E33217D6AB1009EDA17 /* BN_Map.h */,
				51686E34217D6AB1009EDA17 /* BN_Map.m */,
				518B8D20217EBC6C007E7343 /* MAPinAnnotationView+Helper.h */,
				518B8D21217EBC6C007E7343 /* MAPinAnnotationView+Helper.m */,
				518B8D23217ECAFA007E7343 /* MAShape+Helper.h */,
				518B8D24217ECAFA007E7343 /* MAShape+Helper.m */,
				512B7413217DA4EF00D64E4F /* MapViewController.h */,
				512B7414217DA4EF00D64E4F /* MapViewController.m */,
			);
			path = BN_Map;
			sourceTree = "<group>";
		};
		51686E36217D6C8A009EDA17 /* Resource */ = {
			isa = PBXGroup;
			children = (
				518B8D2E217EF641007E7343 /* mapInfo.plist */,
				518B8D29217EE3E9007E7343 /* map_compass@2x.png */,
				518B8D26217EE3E9007E7343 /* map_point_Default@2x.png */,
				518B8D28217EE3E9007E7343 /* map_point_end@2x.png */,
				518B8D27217EE3E9007E7343 /* map_point_start@2x.png */,
				51686E38217D6CCE009EDA17 /* map_location@2x.png */,
				51686E3A217D6CCE009EDA17 /* map_userLocation@2x.png */,
			);
			path = Resource;
			sourceTree = "<group>";
		};
		51CD3B572160BE0900A99F37 = {
			isa = PBXGroup;
			children = (
				51CD3B622160BE0900A99F37 /* Utilis */,
				51CD3B612160BE0900A99F37 /* Products */,
				9C1F285FBFA49873E6906142 /* Pods */,
				1A7EB15F477A22D797749A19 /* Frameworks */,
			);
			sourceTree = "<group>";
		};
		51CD3B612160BE0900A99F37 /* Products */ = {
			isa = PBXGroup;
			children = (
				51CD3B602160BE0900A99F37 /* Utilis.app */,
			);
			name = Products;
			sourceTree = "<group>";
		};
		51CD3B622160BE0900A99F37 /* Utilis */ = {
			isa = PBXGroup;
			children = (
				51686E32217D69AB009EDA17 /* BN_Map */,
				51CD3B632160BE0900A99F37 /* AppDelegate.h */,
				51CD3B642160BE0900A99F37 /* AppDelegate.m */,
				512B741A217DD5CE00D64E4F /* MainViewController.h */,
				512B741B217DD5CE00D64E4F /* MainViewController.m */,
				518B8D30217EFDD4007E7343 /* Manger.h */,
				518B8D31217EFDD4007E7343 /* Manger.m */,
				51CD3B6C2160BE0B00A99F37 /* Assets.xcassets */,
				51CD3B712160BE0B00A99F37 /* Info.plist */,
				51CD3B722160BE0B00A99F37 /* main.m */,
				51CD3B792160BE1700A99F37 /* BN_Utils */,
			);
			path = Utilis;
			sourceTree = "<group>";
		};
		51CD3B792160BE1700A99F37 /* BN_Utils */ = {
			isa = PBXGroup;
			children = (
				51686BE6217D63B2009EDA17 /* BN_View */,
				51CD3D312160BE1900A99F37 /* BN_Utils.h */,
				51CD3D3B2160BE1900A99F37 /* BN_NetWorkService */,
			);
			path = BN_Utils;
			sourceTree = "<group>";
		};
		51CD3D3B2160BE1900A99F37 /* BN_NetWorkService */ = {
			isa = PBXGroup;
			children = (
				51708D6B216C90280025B10F /* BN_NetWorkCache.h */,
				51708D6E216C90280025B10F /* BN_NetWorkCache.m */,
				51708D71216C90280025B10F /* BN_NetWorkService.h */,
				51708D6F216C90280025B10F /* BN_NetWorkService.m */,
				51708D6C216C90280025B10F /* BN_NetWorkTool.h */,
				51708D72216C90280025B10F /* BN_NetWorkTool.m */,
				51708D6D216C90280025B10F /* BN_RequestHelper.h */,
				51708D70216C90280025B10F /* BN_RequestHelper.m */,
			);
			path = BN_NetWorkService;
			sourceTree = "<group>";
		};
		9C1F285FBFA49873E6906142 /* Pods */ = {
			isa = PBXGroup;
			children = (
				D25660C77F86B2D898306D97 /* Pods-Utilis.debug.xcconfig */,
				25A99C46950B64AFB43FB556 /* Pods-Utilis.release.xcconfig */,
			);
			name = Pods;
			sourceTree = "<group>";
		};
/* End PBXGroup section */

/* Begin PBXNativeTarget section */
		51CD3B5F2160BE0900A99F37 /* Utilis */ = {
			isa = PBXNativeTarget;
			buildConfigurationList = 51CD3B762160BE0B00A99F37 /* Build configuration list for PBXNativeTarget "Utilis" */;
			buildPhases = (
				8C1911AD7AF36CAC61AF2416 /* [CP] Check Pods Manifest.lock */,
				51CD3B5C2160BE0900A99F37 /* Sources */,
				51CD3B5D2160BE0900A99F37 /* Frameworks */,
				51CD3B5E2160BE0900A99F37 /* Resources */,
				DD071ABF37A5B3EC21C6972D /* [CP] Copy Pods Resources */,
			);
			buildRules = (
			);
			dependencies = (
			);
			name = Utilis;
			productName = Utilis;
			productReference = 51CD3B602160BE0900A99F37 /* Utilis.app */;
			productType = "com.apple.product-type.application";
		};
/* End PBXNativeTarget section */

/* Begin PBXProject section */
		51CD3B582160BE0900A99F37 /* Project object */ = {
			isa = PBXProject;
			attributes = {
				LastUpgradeCheck = 0930;
				ORGANIZATIONNAME = BN;
				TargetAttributes = {
					51CD3B5F2160BE0900A99F37 = {
						CreatedOnToolsVersion = 9.3;
						SystemCapabilities = {
							com.apple.BackgroundModes = {
								enabled = 1;
							};
							com.apple.Maps.iOS = {
								enabled = 0;
							};
						};
					};
				};
			};
			buildConfigurationList = 51CD3B5B2160BE0900A99F37 /* Build configuration list for PBXProject "Utilis" */;
			compatibilityVersion = "Xcode 9.3";
			developmentRegion = en;
			hasScannedForEncodings = 0;
			knownRegions = (
				en,
				Base,
			);
			mainGroup = 51CD3B572160BE0900A99F37;
			productRefGroup = 51CD3B612160BE0900A99F37 /* Products */;
			projectDirPath = "";
			projectRoot = "";
			targets = (
				51CD3B5F2160BE0900A99F37 /* Utilis */,
			);
		};
/* End PBXProject section */

/* Begin PBXResourcesBuildPhase section */
		51CD3B5E2160BE0900A99F37 /* Resources */ = {
			isa = PBXResourcesBuildPhase;
			buildActionMask = 2147483647;
			files = (
				51CD3B6D2160BE0B00A99F37 /* Assets.xcassets in Resources */,
				51686D1F217D63B4009EDA17 /* b27_icon_star_gray@2x.png in Resources */,
				51686D1E217D63B4009EDA17 /* b27_icon_star_yellow@2x.png in Resources */,
				518B8D2C217EE3E9007E7343 /* map_point_end@2x.png in Resources */,
				518B8D2D217EE3E9007E7343 /* map_compass@2x.png in Resources */,
				518B8D2A217EE3E9007E7343 /* map_point_Default@2x.png in Resources */,
				518B8D2B217EE3E9007E7343 /* map_point_start@2x.png in Resources */,
				51686E3E217D6CCE009EDA17 /* map_location@2x.png in Resources */,
				518B8D2F217EF641007E7343 /* mapInfo.plist in Resources */,
				51686D1D217D63B4009EDA17 /* area.plist in Resources */,
				51686E40217D6CCE009EDA17 /* map_userLocation@2x.png in Resources */,
			);
			runOnlyForDeploymentPostprocessing = 0;
		};
/* End PBXResourcesBuildPhase section */

/* Begin PBXShellScriptBuildPhase section */
		8C1911AD7AF36CAC61AF2416 /* [CP] Check Pods Manifest.lock */ = {
			isa = PBXShellScriptBuildPhase;
			buildActionMask = 2147483647;
			files = (
			);
			inputPaths = (
				"${PODS_PODFILE_DIR_PATH}/Podfile.lock",
				"${PODS_ROOT}/Manifest.lock",
			);
			name = "[CP] Check Pods Manifest.lock";
			outputPaths = (
				"$(DERIVED_FILE_DIR)/Pods-Utilis-checkManifestLockResult.txt",
			);
			runOnlyForDeploymentPostprocessing = 0;
			shellPath = /bin/sh;
			shellScript = "diff \"${PODS_PODFILE_DIR_PATH}/Podfile.lock\" \"${PODS_ROOT}/Manifest.lock\" > /dev/null\nif [ $? != 0 ] ; then\n    # print error to STDERR\n    echo \"error: The sandbox is not in sync with the Podfile.lock. Run 'pod install' or update your CocoaPods installation.\" >&2\n    exit 1\nfi\n# This output is used by Xcode 'outputs' to avoid re-running this script phase.\necho \"SUCCESS\" > \"${SCRIPT_OUTPUT_FILE_0}\"\n";
			showEnvVarsInLog = 0;
		};
		DD071ABF37A5B3EC21C6972D /* [CP] Copy Pods Resources */ = {
			isa = PBXShellScriptBuildPhase;
			buildActionMask = 2147483647;
			files = (
			);
			inputPaths = (
				"${SRCROOT}/Pods/Target Support Files/Pods-Utilis/Pods-Utilis-resources.sh",
				"${PODS_ROOT}/MJRefresh/MJRefresh/MJRefresh.bundle",
				"${PODS_ROOT}/TZImagePickerController/TZImagePickerController/TZImagePickerController/TZImagePickerController.bundle",
			);
			name = "[CP] Copy Pods Resources";
			outputPaths = (
				"${TARGET_BUILD_DIR}/${UNLOCALIZED_RESOURCES_FOLDER_PATH}/MJRefresh.bundle",
				"${TARGET_BUILD_DIR}/${UNLOCALIZED_RESOURCES_FOLDER_PATH}/TZImagePickerController.bundle",
			);
			runOnlyForDeploymentPostprocessing = 0;
			shellPath = /bin/sh;
			shellScript = "\"${SRCROOT}/Pods/Target Support Files/Pods-Utilis/Pods-Utilis-resources.sh\"\n";
			showEnvVarsInLog = 0;
		};
/* End PBXShellScriptBuildPhase section */

/* Begin PBXSourcesBuildPhase section */
		51CD3B5C2160BE0900A99F37 /* Sources */ = {
			isa = PBXSourcesBuildPhase;
			buildActionMask = 2147483647;
			files = (
				512B741C217DD5CE00D64E4F /* MainViewController.m in Sources */,
				51686D03217D63B4009EDA17 /* BN_GroupView.m in Sources */,
				51686D02217D63B4009EDA17 /* BN_WebView.m in Sources */,
				51686D29217D63B4009EDA17 /* BN_GView.m in Sources */,
				51686D25217D63B4009EDA17 /* BN_RotationView.m in Sources */,
				51686D01217D63B4009EDA17 /* BN_BtnView.m in Sources */,
				51686D13217D63B4009EDA17 /* BN_TurnView.m in Sources */,
				51686D1B217D63B4009EDA17 /* BN_AddPictureView.m in Sources */,
				51686D21217D63B4009EDA17 /* BN_TabBarView.m in Sources */,
				51686D06217D63B4009EDA17 /* BN_MonthView.m in Sources */,
				51015681217D7CF600038A1B /* SpeechSynthesizer.m in Sources */,
				51686D15217D63B4009EDA17 /* BN_TabBarViewZero.m in Sources */,
				51686D05217D63B4009EDA17 /* BN_PickerViewAddress.m in Sources */,
				51686D17217D63B4009EDA17 /* BN_ItemsView.m in Sources */,
				51686D0A217D63B4009EDA17 /* BN_SegmentView.m in Sources */,
				51686D20217D63B4009EDA17 /* BN_StarRateView.m in Sources */,
				51686D19217D63B4009EDA17 /* BN_AlertViewTwo.m in Sources */,
				51686D00217D63B4009EDA17 /* BN_StarsView.m in Sources */,
				51686D12217D63B4009EDA17 /* BN_PhotosView.m in Sources */,
				51686D26217D63B4009EDA17 /* BN_UserView.m in Sources */,
				51686D27217D63B4009EDA17 /* BN_RangeDateView.m in Sources */,
				51708D75216C90290025B10F /* BN_RequestHelper.m in Sources */,
				51686D14217D63B4009EDA17 /* BN_AlertView.m in Sources */,
				51686D10217D63B4009EDA17 /* BN_ShoppingView.m in Sources */,
				51686D2C217D63B4009EDA17 /* BN_ImgLabelView.m in Sources */,
				518B8D25217ECAFA007E7343 /* MAShape+Helper.m in Sources */,
				51686D2A217D63B4009EDA17 /* BN_LabView.m in Sources */,
				51686D1C217D63B4009EDA17 /* BN_Circle.m in Sources */,
				51686D16217D63B4009EDA17 /* BN_TableViewExcelCell.m in Sources */,
				51708D76216C90290025B10F /* BN_NetWorkTool.m in Sources */,
				51686D2B217D63B4009EDA17 /* BN_AddPictureVC.m in Sources */,
				518B8D22217EBC6C007E7343 /* MAPinAnnotationView+Helper.m in Sources */,
				51686D28217D63B4009EDA17 /* BN_GuideView.m in Sources */,
				51708D74216C90290025B10F /* BN_NetWorkService.m in Sources */,
				51686D22217D63B4009EDA17 /* BN_ExtendView.m in Sources */,
				51708D73216C90290025B10F /* BN_NetWorkCache.m in Sources */,
				51686D0B217D63B4009EDA17 /* BN_MenuView.m in Sources */,
				51686D08217D63B4009EDA17 /* BN_LeftMenuView.m in Sources */,
				51686CFF217D63B4009EDA17 /* BN_CycleView.m in Sources */,
				51686D2E217D63B4009EDA17 /* BN_HeaderFooterView.m in Sources */,
				51686D0E217D63B4009EDA17 /* BN_AlertViewZero.m in Sources */,
				51CD3B732160BE0B00A99F37 /* main.m in Sources */,
				51686D23217D63B4009EDA17 /* BN_Toast.m in Sources */,
				51686D18217D63B4009EDA17 /* BN_FoldHeaderFooterView.m in Sources */,
				51686CFE217D63B4009EDA17 /* BN_GroupViewZero.m in Sources */,
				51686E35217D6AB1009EDA17 /* BN_Map.m in Sources */,
				518B8D32217EFDD4007E7343 /* Manger.m in Sources */,
				51015686217D7CF600038A1B /* SelectableOverlay.m in Sources */,
				51686D07217D63B4009EDA17 /* BN_SegmentViewZero.m in Sources */,
				51686D24217D63B4009EDA17 /* BN_SuspendButton.m in Sources */,
				512B7415217DA4EF00D64E4F /* MapViewController.m in Sources */,
				51686D11217D63B4009EDA17 /* BN_AlertViewOne.m in Sources */,
				51686D1A217D63B4009EDA17 /* BN_LabGroupView.m in Sources */,
				51686D0C217D63B4009EDA17 /* BN_FilterView.m in Sources */,
				51686D0D217D63B4009EDA17 /* BN_AddCardView.m in Sources */,
				51686D0F217D63B4009EDA17 /* BN_RefreshHeader.m in Sources */,
				51CD3B652160BE0900A99F37 /* AppDelegate.m in Sources */,
				51686D09217D63B4009EDA17 /* BN_PairLabelView.m in Sources */,
				51686D2D217D63B4009EDA17 /* BN_PickerView.m in Sources */,
				51686D04217D63B4009EDA17 /* BN_DatePicker.m in Sources */,
			);
			runOnlyForDeploymentPostprocessing = 0;
		};
/* End PBXSourcesBuildPhase section */

/* Begin XCBuildConfiguration section */
		51CD3B742160BE0B00A99F37 /* Debug */ = {
			isa = XCBuildConfiguration;
			buildSettings = {
				ALWAYS_SEARCH_USER_PATHS = NO;
				CLANG_ANALYZER_NONNULL = YES;
				CLANG_ANALYZER_NUMBER_OBJECT_CONVERSION = YES_AGGRESSIVE;
				CLANG_CXX_LANGUAGE_STANDARD = "gnu++14";
				CLANG_CXX_LIBRARY = "libc++";
				CLANG_ENABLE_MODULES = YES;
				CLANG_ENABLE_OBJC_ARC = YES;
				CLANG_ENABLE_OBJC_WEAK = YES;
				CLANG_WARN_BLOCK_CAPTURE_AUTORELEASING = YES;
				CLANG_WARN_BOOL_CONVERSION = YES;
				CLANG_WARN_COMMA = YES;
				CLANG_WARN_CONSTANT_CONVERSION = YES;
				CLANG_WARN_DEPRECATED_OBJC_IMPLEMENTATIONS = YES;
				CLANG_WARN_DIRECT_OBJC_ISA_USAGE = YES_ERROR;
				CLANG_WARN_DOCUMENTATION_COMMENTS = YES;
				CLANG_WARN_EMPTY_BODY = YES;
				CLANG_WARN_ENUM_CONVERSION = YES;
				CLANG_WARN_INFINITE_RECURSION = YES;
				CLANG_WARN_INT_CONVERSION = YES;
				CLANG_WARN_NON_LITERAL_NULL_CONVERSION = YES;
				CLANG_WARN_OBJC_IMPLICIT_RETAIN_SELF = YES;
				CLANG_WARN_OBJC_LITERAL_CONVERSION = YES;
				CLANG_WARN_OBJC_ROOT_CLASS = YES_ERROR;
				CLANG_WARN_RANGE_LOOP_ANALYSIS = YES;
				CLANG_WARN_STRICT_PROTOTYPES = YES;
				CLANG_WARN_SUSPICIOUS_MOVE = YES;
				CLANG_WARN_UNGUARDED_AVAILABILITY = YES_AGGRESSIVE;
				CLANG_WARN_UNREACHABLE_CODE = YES;
				CLANG_WARN__DUPLICATE_METHOD_MATCH = YES;
				CODE_SIGN_IDENTITY = "iPhone Developer";
				COPY_PHASE_STRIP = NO;
				DEBUG_INFORMATION_FORMAT = dwarf;
				ENABLE_STRICT_OBJC_MSGSEND = YES;
				ENABLE_TESTABILITY = YES;
				GCC_C_LANGUAGE_STANDARD = gnu11;
				GCC_DYNAMIC_NO_PIC = NO;
				GCC_NO_COMMON_BLOCKS = YES;
				GCC_OPTIMIZATION_LEVEL = 0;
				GCC_PREPROCESSOR_DEFINITIONS = (
					"DEBUG=1",
					"$(inherited)",
				);
				GCC_WARN_64_TO_32_BIT_CONVERSION = YES;
				GCC_WARN_ABOUT_RETURN_TYPE = YES_ERROR;
				GCC_WARN_UNDECLARED_SELECTOR = YES;
				GCC_WARN_UNINITIALIZED_AUTOS = YES_AGGRESSIVE;
				GCC_WARN_UNUSED_FUNCTION = YES;
				GCC_WARN_UNUSED_VARIABLE = YES;
				IPHONEOS_DEPLOYMENT_TARGET = 11.3;
				MTL_ENABLE_DEBUG_INFO = YES;
				ONLY_ACTIVE_ARCH = YES;
				SDKROOT = iphoneos;
			};
			name = Debug;
		};
		51CD3B752160BE0B00A99F37 /* Release */ = {
			isa = XCBuildConfiguration;
			buildSettings = {
				ALWAYS_SEARCH_USER_PATHS = NO;
				CLANG_ANALYZER_NONNULL = YES;
				CLANG_ANALYZER_NUMBER_OBJECT_CONVERSION = YES_AGGRESSIVE;
				CLANG_CXX_LANGUAGE_STANDARD = "gnu++14";
				CLANG_CXX_LIBRARY = "libc++";
				CLANG_ENABLE_MODULES = YES;
				CLANG_ENABLE_OBJC_ARC = YES;
				CLANG_ENABLE_OBJC_WEAK = YES;
				CLANG_WARN_BLOCK_CAPTURE_AUTORELEASING = YES;
				CLANG_WARN_BOOL_CONVERSION = YES;
				CLANG_WARN_COMMA = YES;
				CLANG_WARN_CONSTANT_CONVERSION = YES;
				CLANG_WARN_DEPRECATED_OBJC_IMPLEMENTATIONS = YES;
				CLANG_WARN_DIRECT_OBJC_ISA_USAGE = YES_ERROR;
				CLANG_WARN_DOCUMENTATION_COMMENTS = YES;
				CLANG_WARN_EMPTY_BODY = YES;
				CLANG_WARN_ENUM_CONVERSION = YES;
				CLANG_WARN_INFINITE_RECURSION = YES;
				CLANG_WARN_INT_CONVERSION = YES;
				CLANG_WARN_NON_LITERAL_NULL_CONVERSION = YES;
				CLANG_WARN_OBJC_IMPLICIT_RETAIN_SELF = YES;
				CLANG_WARN_OBJC_LITERAL_CONVERSION = YES;
				CLANG_WARN_OBJC_ROOT_CLASS = YES_ERROR;
				CLANG_WARN_RANGE_LOOP_ANALYSIS = YES;
				CLANG_WARN_STRICT_PROTOTYPES = YES;
				CLANG_WARN_SUSPICIOUS_MOVE = YES;
				CLANG_WARN_UNGUARDED_AVAILABILITY = YES_AGGRESSIVE;
				CLANG_WARN_UNREACHABLE_CODE = YES;
				CLANG_WARN__DUPLICATE_METHOD_MATCH = YES;
				CODE_SIGN_IDENTITY = "iPhone Developer";
				COPY_PHASE_STRIP = NO;
				DEBUG_INFORMATION_FORMAT = "dwarf-with-dsym";
				ENABLE_NS_ASSERTIONS = NO;
				ENABLE_STRICT_OBJC_MSGSEND = YES;
				GCC_C_LANGUAGE_STANDARD = gnu11;
				GCC_NO_COMMON_BLOCKS = YES;
				GCC_WARN_64_TO_32_BIT_CONVERSION = YES;
				GCC_WARN_ABOUT_RETURN_TYPE = YES_ERROR;
				GCC_WARN_UNDECLARED_SELECTOR = YES;
				GCC_WARN_UNINITIALIZED_AUTOS = YES_AGGRESSIVE;
				GCC_WARN_UNUSED_FUNCTION = YES;
				GCC_WARN_UNUSED_VARIABLE = YES;
				IPHONEOS_DEPLOYMENT_TARGET = 11.3;
				MTL_ENABLE_DEBUG_INFO = NO;
				SDKROOT = iphoneos;
				VALIDATE_PRODUCT = YES;
			};
			name = Release;
		};
		51CD3B772160BE0B00A99F37 /* Debug */ = {
			isa = XCBuildConfiguration;
			baseConfigurationReference = D25660C77F86B2D898306D97 /* Pods-Utilis.debug.xcconfig */;
			buildSettings = {
				ASSETCATALOG_COMPILER_APPICON_NAME = AppIcon;
				ASSETCATALOG_COMPILER_LAUNCHIMAGE_NAME = LaunchImage;
				CLANG_ALLOW_NON_MODULAR_INCLUDES_IN_FRAMEWORK_MODULES = NO;
				CODE_SIGN_STYLE = Automatic;
				DEVELOPMENT_TEAM = J6N2BU2FVC;
				HEADER_SEARCH_PATHS = (
					"$(inherited)",
					"\"${PODS_ROOT}/Headers/Public\"",
					"\"${PODS_ROOT}/Headers/Public/AESCrypt-ObjC\"",
					"\"${PODS_ROOT}/Headers/Public/AFNetworking\"",
					"\"${PODS_ROOT}/Headers/Public/BN_Globle\"",
					"\"${PODS_ROOT}/Headers/Public/BN_Kit\"",
					"\"${PODS_ROOT}/Headers/Public/FCUUID\"",
					"\"${PODS_ROOT}/Headers/Public/FLAnimatedImage\"",
					"\"${PODS_ROOT}/Headers/Public/GTMBase64\"",
					"\"${PODS_ROOT}/Headers/Public/MBProgressHUD\"",
					"\"${PODS_ROOT}/Headers/Public/MJExtension\"",
					"\"${PODS_ROOT}/Headers/Public/MJRefresh\"",
					"\"${PODS_ROOT}/Headers/Public/PPNumberButton\"",
					"\"${PODS_ROOT}/Headers/Public/PopoverView\"",
					"\"${PODS_ROOT}/Headers/Public/SDCycleScrollView\"",
					"\"${PODS_ROOT}/Headers/Public/SDWebImage\"",
					"\"${PODS_ROOT}/Headers/Public/TZImagePickerController\"",
					"\"${PODS_ROOT}/Headers/Public/Toast\"",
					"\"${PODS_ROOT}/Headers/Public/UICKeyChainStore\"",
					"\"${PODS_ROOT}/Headers/Public/YYCache\"",
					"\"${PODS_ROOT}/Headers/Public/YYModel\"",
				);
				INFOPLIST_FILE = Utilis/Info.plist;
				IPHONEOS_DEPLOYMENT_TARGET = 9.0;
				LD_RUNPATH_SEARCH_PATHS = "$(inherited) @executable_path/Frameworks";
				LIBRARY_SEARCH_PATHS = (
					"$(inherited)",
					"\"${PODS_CONFIGURATION_BUILD_DIR}/AESCrypt-ObjC\"",
					"\"${PODS_CONFIGURATION_BUILD_DIR}/AFNetworking\"",
					"\"${PODS_CONFIGURATION_BUILD_DIR}/BN_Globle\"",
					"\"${PODS_CONFIGURATION_BUILD_DIR}/BN_Kit\"",
					"\"${PODS_CONFIGURATION_BUILD_DIR}/FCUUID\"",
					"\"${PODS_CONFIGURATION_BUILD_DIR}/FLAnimatedImage\"",
					"\"${PODS_CONFIGURATION_BUILD_DIR}/GTMBase64\"",
					"\"${PODS_CONFIGURATION_BUILD_DIR}/MBProgressHUD\"",
					"\"${PODS_CONFIGURATION_BUILD_DIR}/MJExtension\"",
					"\"${PODS_CONFIGURATION_BUILD_DIR}/MJRefresh\"",
					"\"${PODS_CONFIGURATION_BUILD_DIR}/PPNumberButton\"",
					"\"${PODS_CONFIGURATION_BUILD_DIR}/PopoverView\"",
					"\"${PODS_CONFIGURATION_BUILD_DIR}/SDCycleScrollView\"",
					"\"${PODS_CONFIGURATION_BUILD_DIR}/SDWebImage\"",
					"\"${PODS_CONFIGURATION_BUILD_DIR}/TZImagePickerController\"",
					"\"${PODS_CONFIGURATION_BUILD_DIR}/Toast\"",
					"\"${PODS_CONFIGURATION_BUILD_DIR}/UICKeyChainStore\"",
					"\"${PODS_CONFIGURATION_BUILD_DIR}/YYCache\"",
					"\"${PODS_CONFIGURATION_BUILD_DIR}/YYModel\"",
				);
				PRODUCT_BUNDLE_IDENTIFIER = BIN.Utilis;
				PRODUCT_NAME = "$(TARGET_NAME)";
				TARGETED_DEVICE_FAMILY = 1;
			};
			name = Debug;
		};
		51CD3B782160BE0B00A99F37 /* Release */ = {
			isa = XCBuildConfiguration;
			baseConfigurationReference = 25A99C46950B64AFB43FB556 /* Pods-Utilis.release.xcconfig */;
			buildSettings = {
				ASSETCATALOG_COMPILER_APPICON_NAME = AppIcon;
				ASSETCATALOG_COMPILER_LAUNCHIMAGE_NAME = LaunchImage;
				CLANG_ALLOW_NON_MODULAR_INCLUDES_IN_FRAMEWORK_MODULES = NO;
				CODE_SIGN_STYLE = Automatic;
				DEVELOPMENT_TEAM = J6N2BU2FVC;
				HEADER_SEARCH_PATHS = (
					"$(inherited)",
					"\"${PODS_ROOT}/Headers/Public\"",
					"\"${PODS_ROOT}/Headers/Public/AESCrypt-ObjC\"",
					"\"${PODS_ROOT}/Headers/Public/AFNetworking\"",
					"\"${PODS_ROOT}/Headers/Public/BN_Globle\"",
					"\"${PODS_ROOT}/Headers/Public/BN_Kit\"",
					"\"${PODS_ROOT}/Headers/Public/FCUUID\"",
					"\"${PODS_ROOT}/Headers/Public/FLAnimatedImage\"",
					"\"${PODS_ROOT}/Headers/Public/GTMBase64\"",
					"\"${PODS_ROOT}/Headers/Public/MBProgressHUD\"",
					"\"${PODS_ROOT}/Headers/Public/MJExtension\"",
					"\"${PODS_ROOT}/Headers/Public/MJRefresh\"",
					"\"${PODS_ROOT}/Headers/Public/PPNumberButton\"",
					"\"${PODS_ROOT}/Headers/Public/PopoverView\"",
					"\"${PODS_ROOT}/Headers/Public/SDCycleScrollView\"",
					"\"${PODS_ROOT}/Headers/Public/SDWebImage\"",
					"\"${PODS_ROOT}/Headers/Public/TZImagePickerController\"",
					"\"${PODS_ROOT}/Headers/Public/Toast\"",
					"\"${PODS_ROOT}/Headers/Public/UICKeyChainStore\"",
					"\"${PODS_ROOT}/Headers/Public/YYCache\"",
					"\"${PODS_ROOT}/Headers/Public/YYModel\"",
				);
				INFOPLIST_FILE = Utilis/Info.plist;
				IPHONEOS_DEPLOYMENT_TARGET = 9.0;
				LD_RUNPATH_SEARCH_PATHS = "$(inherited) @executable_path/Frameworks";
				LIBRARY_SEARCH_PATHS = (
					"$(inherited)",
					"\"${PODS_CONFIGURATION_BUILD_DIR}/AESCrypt-ObjC\"",
					"\"${PODS_CONFIGURATION_BUILD_DIR}/AFNetworking\"",
					"\"${PODS_CONFIGURATION_BUILD_DIR}/BN_Globle\"",
					"\"${PODS_CONFIGURATION_BUILD_DIR}/BN_Kit\"",
					"\"${PODS_CONFIGURATION_BUILD_DIR}/FCUUID\"",
					"\"${PODS_CONFIGURATION_BUILD_DIR}/FLAnimatedImage\"",
					"\"${PODS_CONFIGURATION_BUILD_DIR}/GTMBase64\"",
					"\"${PODS_CONFIGURATION_BUILD_DIR}/MBProgressHUD\"",
					"\"${PODS_CONFIGURATION_BUILD_DIR}/MJExtension\"",
					"\"${PODS_CONFIGURATION_BUILD_DIR}/MJRefresh\"",
					"\"${PODS_CONFIGURATION_BUILD_DIR}/PPNumberButton\"",
					"\"${PODS_CONFIGURATION_BUILD_DIR}/PopoverView\"",
					"\"${PODS_CONFIGURATION_BUILD_DIR}/SDCycleScrollView\"",
					"\"${PODS_CONFIGURATION_BUILD_DIR}/SDWebImage\"",
					"\"${PODS_CONFIGURATION_BUILD_DIR}/TZImagePickerController\"",
					"\"${PODS_CONFIGURATION_BUILD_DIR}/Toast\"",
					"\"${PODS_CONFIGURATION_BUILD_DIR}/UICKeyChainStore\"",
					"\"${PODS_CONFIGURATION_BUILD_DIR}/YYCache\"",
					"\"${PODS_CONFIGURATION_BUILD_DIR}/YYModel\"",
				);
				PRODUCT_BUNDLE_IDENTIFIER = BIN.Utilis;
				PRODUCT_NAME = "$(TARGET_NAME)";
				TARGETED_DEVICE_FAMILY = 1;
			};
			name = Release;
		};
/* End XCBuildConfiguration section */

/* Begin XCConfigurationList section */
		51CD3B5B2160BE0900A99F37 /* Build configuration list for PBXProject "Utilis" */ = {
			isa = XCConfigurationList;
			buildConfigurations = (
				51CD3B742160BE0B00A99F37 /* Debug */,
				51CD3B752160BE0B00A99F37 /* Release */,
			);
			defaultConfigurationIsVisible = 0;
			defaultConfigurationName = Release;
		};
		51CD3B762160BE0B00A99F37 /* Build configuration list for PBXNativeTarget "Utilis" */ = {
			isa = XCConfigurationList;
			buildConfigurations = (
				51CD3B772160BE0B00A99F37 /* Debug */,
				51CD3B782160BE0B00A99F37 /* Release */,
			);
			defaultConfigurationIsVisible = 0;
			defaultConfigurationName = Release;
		};
/* End XCConfigurationList section */
	};
	rootObject = 51CD3B582160BE0900A99F37 /* Project object */;
}
